
Microsoft Visual Studio Solution File, Format Version 12.00
# Visual Studio 15
VisualStudioVersion = 15.0.27004.2005
MinimumVisualStudioVersion = 10.0.40219.1
Project("{FAE04EC0-301F-11D3-BF4B-00C04F79EFBC}") = "Shop", "Shop\Shop.csproj", "{AB181343-483F-492B-B723-F7D08A81164D}"
EndProject
Global
	GlobalSection(SolutionConfigurationPlatforms) = preSolution
		Debug|Any CPU = Debug|Any CPU
		Release|Any CPU = Release|Any CPU
	EndGlobalSection
	GlobalSection(ProjectConfigurationPlatforms) = postSolution
		{AB181343-483F-492B-B723-F7D08A81164D}.Debug|Any CPU.ActiveCfg = Debug|Any CPU
		{AB181343-483F-492B-B723-F7D08A81164D}.Debug|Any CPU.Build.0 = Debug|Any CPU
		{AB181343-483F-492B-B723-F7D08A81164D}.Release|Any CPU.ActiveCfg = Release|Any CPU
		{AB181343-483F-492B-B723-F7D08A81164D}.Release|Any CPU.Build.0 = Release|Any CPU
	EndGlobalSection
	GlobalSection(SolutionProperties) = preSolution
		HideSolutionNode = FALSE
	EndGlobalSection
	GlobalSection(ExtensibilityGlobals) = postSolution
		SolutionGuid = {5C24038D-36B6-41D1-8430-7E22771CF971}
	EndGlobalSection
EndGlobal
